
Microsoft Visual Studio Solution File, Format Version 12.00
# Visual Studio Version 16
VisualStudioVersion = 16.0.30320.27
MinimumVisualStudioVersion = 10.0.40219.1
Project("{FAE04EC0-301F-11D3-BF4B-00C04F79EFBC}") = "goLexerAnalyzer", "goLexerAnalyzer\goLexerAnalyzer.csproj", "{597D4AD7-468C-482F-82BB-458F8FC0AF03}"
EndProject
Global
	GlobalSection(SolutionConfigurationPlatforms) = preSolution
		Debug|Any CPU = Debug|Any CPU
		Release|Any CPU = Release|Any CPU
	EndGlobalSection
	GlobalSection(ProjectConfigurationPlatforms) = postSolution
		{597D4AD7-468C-482F-82BB-458F8FC0AF03}.Debug|Any CPU.ActiveCfg = Debug|Any CPU
		{597D4AD7-468C-482F-82BB-458F8FC0AF03}.Debug|Any CPU.Build.0 = Debug|Any CPU
		{597D4AD7-468C-482F-82BB-458F8FC0AF03}.Release|Any CPU.ActiveCfg = Release|Any CPU
		{597D4AD7-468C-482F-82BB-458F8FC0AF03}.Release|Any CPU.Build.0 = Release|Any CPU
	EndGlobalSection
	GlobalSection(SolutionProperties) = preSolution
		HideSolutionNode = FALSE
	EndGlobalSection
	GlobalSection(ExtensibilityGlobals) = postSolution
		SolutionGuid = {0711A975-73EA-4512-8386-FAE3B23E38A1}
	EndGlobalSection
EndGlobal
